
Microsoft Visual Studio Solution File, Format Version 12.00
# Visual Studio 15
VisualStudioVersion = 15.0.28010.2036
MinimumVisualStudioVersion = 10.0.40219.1
Project("{9A19103F-16F7-4668-BE54-9A1E7A4F7556}") = "Vojta", "Vojta\Vojta.csproj", "{273D1336-B3A9-40F9-9A46-F5E4E431620F}"
EndProject
Project("{FAE04EC0-301F-11D3-BF4B-00C04F79EFBC}") = "VojtaTest", "VojtaTest\VojtaTest.csproj", "{C38C5B93-0A93-47F2-8350-D75F7B6DF7D6}"
EndProject
Global
	GlobalSection(SolutionConfigurationPlatforms) = preSolution
		Debug|Any CPU = Debug|Any CPU
		Release|Any CPU = Release|Any CPU
	EndGlobalSection
	GlobalSection(ProjectConfigurationPlatforms) = postSolution
		{273D1336-B3A9-40F9-9A46-F5E4E431620F}.Debug|Any CPU.ActiveCfg = Debug|Any CPU
		{273D1336-B3A9-40F9-9A46-F5E4E431620F}.Debug|Any CPU.Build.0 = Debug|Any CPU
		{273D1336-B3A9-40F9-9A46-F5E4E431620F}.Release|Any CPU.ActiveCfg = Release|Any CPU
		{273D1336-B3A9-40F9-9A46-F5E4E431620F}.Release|Any CPU.Build.0 = Release|Any CPU
		{C38C5B93-0A93-47F2-8350-D75F7B6DF7D6}.Debug|Any CPU.ActiveCfg = Debug|Any CPU
		{C38C5B93-0A93-47F2-8350-D75F7B6DF7D6}.Debug|Any CPU.Build.0 = Debug|Any CPU
		{C38C5B93-0A93-47F2-8350-D75F7B6DF7D6}.Release|Any CPU.ActiveCfg = Release|Any CPU
		{C38C5B93-0A93-47F2-8350-D75F7B6DF7D6}.Release|Any CPU.Build.0 = Release|Any CPU
	EndGlobalSection
	GlobalSection(SolutionProperties) = preSolution
		HideSolutionNode = FALSE
	EndGlobalSection
	GlobalSection(ExtensibilityGlobals) = postSolution
		SolutionGuid = {F789EF78-7F51-4D86-BB78-DBB78627BCFF}
	EndGlobalSection
EndGlobal
